
Microsoft Visual Studio Solution File, Format Version 12.00
# Visual Studio Version 17
VisualStudioVersion = 17.2.32630.192
MinimumVisualStudioVersion = 10.0.40219.1
Project("{FAE04EC0-301F-11D3-BF4B-00C04F79EFBC}") = "PracticeAppWithBD", "PracticeAppWithBD\PracticeAppWithBD.csproj", "{E8F731FF-26E1-4562-AF5F-FF45E7A5E7BF}"
EndProject
Global
	GlobalSection(SolutionConfigurationPlatforms) = preSolution
		Debug|Any CPU = Debug|Any CPU
		Release|Any CPU = Release|Any CPU
	EndGlobalSection
	GlobalSection(ProjectConfigurationPlatforms) = postSolution
		{E8F731FF-26E1-4562-AF5F-FF45E7A5E7BF}.Debug|Any CPU.ActiveCfg = Debug|Any CPU
		{E8F731FF-26E1-4562-AF5F-FF45E7A5E7BF}.Debug|Any CPU.Build.0 = Debug|Any CPU
		{E8F731FF-26E1-4562-AF5F-FF45E7A5E7BF}.Release|Any CPU.ActiveCfg = Release|Any CPU
		{E8F731FF-26E1-4562-AF5F-FF45E7A5E7BF}.Release|Any CPU.Build.0 = Release|Any CPU
	EndGlobalSection
	GlobalSection(SolutionProperties) = preSolution
		HideSolutionNode = FALSE
	EndGlobalSection
	GlobalSection(ExtensibilityGlobals) = postSolution
		SolutionGuid = {C019BEDA-BFBB-4F46-BB83-8ED0E6774444}
	EndGlobalSection
EndGlobal
